
Microsoft Visual Studio Solution File, Format Version 12.00
Project("{FAE04EC0-301F-11D3-BF4B-00C04F79EFBC}") = "TelemetryFlow.Models", "TelemetryFlow.Models\TelemetryFlow.Models.csproj", "{D33C0926-16DD-4C6C-AF52-3BAFFB93BE62}"
EndProject
Project("{FAE04EC0-301F-11D3-BF4B-00C04F79EFBC}") = "TelemetryFlow.Data", "TelemetryFlow.Data\TelemetryFlow.Data.csproj", "{8540086F-36DF-438A-9259-635C128C3C55}"
EndProject
Project("{FAE04EC0-301F-11D3-BF4B-00C04F79EFBC}") = "TelemetryFlow.Migrations", "TelemetryFlow.Migrations\TelemetryFlow.Migrations.csproj", "{EC9D6430-2E77-4D92-8881-5EF2DEC38223}"
EndProject
Project("{FAE04EC0-301F-11D3-BF4B-00C04F79EFBC}") = "TelemetryFlow.ManagerApi", "TelemetryFlow.ManagerApi\TelemetryFlow.ManagerApi.csproj", "{33163251-A8C5-44EB-BE6A-981366F02234}"
EndProject
Global
	GlobalSection(SolutionConfigurationPlatforms) = preSolution
		Debug|Any CPU = Debug|Any CPU
		Release|Any CPU = Release|Any CPU
	EndGlobalSection
	GlobalSection(ProjectConfigurationPlatforms) = postSolution
		{D33C0926-16DD-4C6C-AF52-3BAFFB93BE62}.Debug|Any CPU.ActiveCfg = Debug|Any CPU
		{D33C0926-16DD-4C6C-AF52-3BAFFB93BE62}.Debug|Any CPU.Build.0 = Debug|Any CPU
		{D33C0926-16DD-4C6C-AF52-3BAFFB93BE62}.Release|Any CPU.ActiveCfg = Release|Any CPU
		{D33C0926-16DD-4C6C-AF52-3BAFFB93BE62}.Release|Any CPU.Build.0 = Release|Any CPU
		{8540086F-36DF-438A-9259-635C128C3C55}.Debug|Any CPU.ActiveCfg = Debug|Any CPU
		{8540086F-36DF-438A-9259-635C128C3C55}.Debug|Any CPU.Build.0 = Debug|Any CPU
		{8540086F-36DF-438A-9259-635C128C3C55}.Release|Any CPU.ActiveCfg = Release|Any CPU
		{8540086F-36DF-438A-9259-635C128C3C55}.Release|Any CPU.Build.0 = Release|Any CPU
		{EC9D6430-2E77-4D92-8881-5EF2DEC38223}.Debug|Any CPU.ActiveCfg = Debug|Any CPU
		{EC9D6430-2E77-4D92-8881-5EF2DEC38223}.Debug|Any CPU.Build.0 = Debug|Any CPU
		{EC9D6430-2E77-4D92-8881-5EF2DEC38223}.Release|Any CPU.ActiveCfg = Release|Any CPU
		{EC9D6430-2E77-4D92-8881-5EF2DEC38223}.Release|Any CPU.Build.0 = Release|Any CPU
		{33163251-A8C5-44EB-BE6A-981366F02234}.Debug|Any CPU.ActiveCfg = Debug|Any CPU
		{33163251-A8C5-44EB-BE6A-981366F02234}.Debug|Any CPU.Build.0 = Debug|Any CPU
		{33163251-A8C5-44EB-BE6A-981366F02234}.Release|Any CPU.ActiveCfg = Release|Any CPU
		{33163251-A8C5-44EB-BE6A-981366F02234}.Release|Any CPU.Build.0 = Release|Any CPU
	EndGlobalSection
EndGlobal
